
Microsoft Visual Studio Solution File, Format Version 12.00
# Visual Studio Version 17
VisualStudioVersion = 17.7.34221.43
MinimumVisualStudioVersion = 10.0.40219.1
Project("{FAE04EC0-301F-11D3-BF4B-00C04F79EFBC}") = "IepfCAformat47", "IepfCAformat47.csproj", "{32DA14B1-34BF-451D-BE45-8F6DD90AC862}"
EndProject
Global
	GlobalSection(SolutionConfigurationPlatforms) = preSolution
		Debug|Any CPU = Debug|Any CPU
		Release|Any CPU = Release|Any CPU
	EndGlobalSection
	GlobalSection(ProjectConfigurationPlatforms) = postSolution
		{32DA14B1-34BF-451D-BE45-8F6DD90AC862}.Debug|Any CPU.ActiveCfg = Debug|Any CPU
		{32DA14B1-34BF-451D-BE45-8F6DD90AC862}.Debug|Any CPU.Build.0 = Debug|Any CPU
		{32DA14B1-34BF-451D-BE45-8F6DD90AC862}.Release|Any CPU.ActiveCfg = Release|Any CPU
		{32DA14B1-34BF-451D-BE45-8F6DD90AC862}.Release|Any CPU.Build.0 = Release|Any CPU
	EndGlobalSection
	GlobalSection(SolutionProperties) = preSolution
		HideSolutionNode = FALSE
	EndGlobalSection
	GlobalSection(ExtensibilityGlobals) = postSolution
		SolutionGuid = {113F23A9-7B74-4807-80B7-58AC9C03D9BC}
	EndGlobalSection
EndGlobal
